{
  "name": "ducklink",
  "version": "0.0.1",
  "lockfileVersion": 1,
  "requires": true,
  "dependencies": {
    "node-adb": {
      "version": "0.1.6",
      "resolved": "https://registry.npmjs.org/node-adb/-/node-adb-0.1.6.tgz",
      "integrity": "sha512-wai4LqO1NQJVeGerMTSln/Sp0vwuPmod9G0aRJJmgo0tk5wBAmyqUQ74wgcZIn0Ja9BCkBOmyz0LEA6nE8dWIg=="
    }
  }
}
